{
  "name": "backend",
  "lockfileVersion": 3,
  "requires": true,
  "packages": {
    "": {
      "dependencies": {
        "backend": "file:.."
      }
    },
    "..": {
      "version": "0.1.0",
      "dependencies": {
        "bcryptjs": "^2.4.3",
        "body-parser": "^2.2.2",
        "cors": "^2.8.6",
        "cyberify-ai-meeting-assistant": "file:..",
        "dotenv": "^16.0.0",
        "express": "^4.18.2",
        "helmet": "^8.2.0",
        "jsonwebtoken": "^9.0.0",
        "mongoose": "^6.8.0",
        "morgan": "^1.11.0",
        "multer": "^1.4.5-lts.1",
        "zod": "^3.21.4"
      },
      "devDependencies": {
        "@types/bcryptjs": "^2.4.2",
        "@types/body-parser": "^1.19.6",
        "@types/chai": "^4.3.4",
        "@types/cors": "^2.8.19",
        "@types/express": "^5.0.6",
        "@types/helmet": "^0.0.48",
        "@types/jsonwebtoken": "^9.0.2",
        "@types/mocha": "^9.1.1",
        "@types/mongoose": "^5.11.97",
        "@types/morgan": "^1.9.10",
        "@types/multer": "^1.4.7",
        "@types/node": "^18.11.18",
        "@types/supertest": "^2.0.12",
        "chai": "^4.3.7",
        "mocha": "^10.2.0",
        "mongodb-memory-server": "^8.11.0",
        "supertest": "^6.3.3",
        "ts-node": "^10.9.1",
        "ts-node-dev": "^2.0.0",
        "typescript": "^4.9.5"
      }
    },
    "node_modules/backend": {
      "resolved": "..",
      "link": true
    }
  }
}
